// !$*UTF8*$!
{
	archiveVersion = 1;
	classes = {
	};
	objectVersion = 46;
	objects = {

/* Begin PBXBuildFile section */
		021418CF1DFD8C6800EB4880 /* AppDelegate.swift in Sources */ = {isa = PBXBuildFile; fileRef = 021418CE1DFD8C6800EB4880 /* AppDelegate.swift */; };
		021418D11DFD8C6800EB4880 /* ViewController.swift in Sources */ = {isa = PBXBuildFile; fileRef = 021418D01DFD8C6800EB4880 /* ViewController.swift */; };
		021418D41DFD8C6800EB4880 /* Main.storyboard in Resources */ = {isa = PBXBuildFile; fileRef = 021418D21DFD8C6800EB4880 /* Main.storyboard */; };
		021418D61DFD8C6800EB4880 /* Assets.xcassets in Resources */ = {isa = PBXBuildFile; fileRef = 021418D51DFD8C6800EB4880 /* Assets.xcassets */; };
		021418D91DFD8C6800EB4880 /* LaunchScreen.storyboard in Resources */ = {isa = PBXBuildFile; fileRef = 021418D71DFD8C6800EB4880 /* LaunchScreen.storyboard */; };
		021418E11DFD8E6A00EB4880 /* PEntry.swift in Sources */ = {isa = PBXBuildFile; fileRef = 021418E01DFD8E6A00EB4880 /* PEntry.swift */; };
		021418E31DFD96A500EB4880 /* GoogleService-Info.plist in Resources */ = {isa = PBXBuildFile; fileRef = 021418E21DFD96A500EB4880 /* GoogleService-Info.plist */; };
		021418E51DFD978100EB4880 /* FirebasePageableDataSource.swift in Sources */ = {isa = PBXBuildFile; fileRef = 021418E41DFD978100EB4880 /* FirebasePageableDataSource.swift */; };
		F77CB05AA714A02C8244A83C /* Pods_SwiftPager.framework in Frameworks */ = {isa = PBXBuildFile; fileRef = 0107887D3FCBFEEC22E1935B /* Pods_SwiftPager.framework */; };
/* End PBXBuildFile section */

/* Begin PBXFileReference section */
		0107887D3FCBFEEC22E1935B /* Pods_SwiftPager.framework */ = {isa = PBXFileReference; explicitFileType = wrapper.framework; includeInIndex = 0; path = Pods_SwiftPager.framework; sourceTree = BUILT_PRODUCTS_DIR; };
		021418CB1DFD8C6700EB4880 /* SwiftPager.app */ = {isa = PBXFileReference; explicitFileType = wrapper.application; includeInIndex = 0; path = SwiftPager.app; sourceTree = BUILT_PRODUCTS_DIR; };
		021418CE1DFD8C6800EB4880 /* AppDelegate.swift */ = {isa = PBXFileReference; lastKnownFileType = sourcecode.swift; path = AppDelegate.swift; sourceTree = "<group>"; };
		021418D01DFD8C6800EB4880 /* ViewController.swift */ = {isa = PBXFileReference; lastKnownFileType = sourcecode.swift; path = ViewController.swift; sourceTree = "<group>"; };
		021418D31DFD8C6800EB4880 /* Base */ = {isa = PBXFileReference; lastKnownFileType = file.storyboard; name = Base; path = Base.lproj/Main.storyboard; sourceTree = "<group>"; };
		021418D51DFD8C6800EB4880 /* Assets.xcassets */ = {isa = PBXFileReference; lastKnownFileType = folder.assetcatalog; path = Assets.xcassets; sourceTree = "<group>"; };
		021418D81DFD8C6800EB4880 /* Base */ = {isa = PBXFileReference; lastKnownFileType = file.storyboard; name = Base; path = Base.lproj/LaunchScreen.storyboard; sourceTree = "<group>"; };
		021418DA1DFD8C6800EB4880 /* Info.plist */ = {isa = PBXFileReference; lastKnownFileType = text.plist.xml; path = Info.plist; sourceTree = "<group>"; };
		021418E01DFD8E6A00EB4880 /* PEntry.swift */ = {isa = PBXFileReference; fileEncoding = 4; lastKnownFileType = sourcecode.swift; path = PEntry.swift; sourceTree = "<group>"; };
		021418E21DFD96A500EB4880 /* GoogleService-Info.plist */ = {isa = PBXFileReference; fileEncoding = 4; lastKnownFileType = text.plist.xml; path = "GoogleService-Info.plist"; sourceTree = "<group>"; };
		021418E41DFD978100EB4880 /* FirebasePageableDataSource.swift */ = {isa = PBXFileReference; fileEncoding = 4; lastKnownFileType = sourcecode.swift; path = FirebasePageableDataSource.swift; sourceTree = "<group>"; };
		4D4EABEA49E63400249E985A /* Pods-SwiftPager.debug.xcconfig */ = {isa = PBXFileReference; includeInIndex = 1; lastKnownFileType = text.xcconfig; name = "Pods-SwiftPager.debug.xcconfig"; path = "Pods/Target Support Files/Pods-SwiftPager/Pods-SwiftPager.debug.xcconfig"; sourceTree = "<group>"; };
		B3D0ED558DF1F6DE1F3F0A11 /* Pods-SwiftPager.release.xcconfig */ = {isa = PBXFileReference; includeInIndex = 1; lastKnownFileType = text.xcconfig; name = "Pods-SwiftPager.release.xcconfig"; path = "Pods/Target Support Files/Pods-SwiftPager/Pods-SwiftPager.release.xcconfig"; sourceTree = "<group>"; };
/* End PBXFileReference section */

/* Begin PBXFrameworksBuildPhase section */
		021418C81DFD8C6700EB4880 /* Frameworks */ = {
			isa = PBXFrameworksBuildPhase;
			buildActionMask = 2147483647;
			files = (
				F77CB05AA714A02C8244A83C /* Pods_SwiftPager.framework in Frameworks */,
			);
			runOnlyForDeploymentPostprocessing = 0;
		};
/* End PBXFrameworksBuildPhase section */

/* Begin PBXGroup section */
		021418C21DFD8C6700EB4880 = {
			isa = PBXGroup;
			children = (
				021418CD1DFD8C6800EB4880 /* SwiftPager */,
				021418CC1DFD8C6700EB4880 /* Products */,
				88B156D04BFCB713BC5908E7 /* Pods */,
				322001EAEB1B8A04FBBA2D90 /* Frameworks */,
			);
			sourceTree = "<group>";
		};
		021418CC1DFD8C6700EB4880 /* Products */ = {
			isa = PBXGroup;
			children = (
				021418CB1DFD8C6700EB4880 /* SwiftPager.app */,
			);
			name = Products;
			sourceTree = "<group>";
		};
		021418CD1DFD8C6800EB4880 /* SwiftPager */ = {
			isa = PBXGroup;
			children = (
				021418E21DFD96A500EB4880 /* GoogleService-Info.plist */,
				021418CE1DFD8C6800EB4880 /* AppDelegate.swift */,
				021418D01DFD8C6800EB4880 /* ViewController.swift */,
				021418D21DFD8C6800EB4880 /* Main.storyboard */,
				021418D51DFD8C6800EB4880 /* Assets.xcassets */,
				021418D71DFD8C6800EB4880 /* LaunchScreen.storyboard */,
				021418DA1DFD8C6800EB4880 /* Info.plist */,
				021418E01DFD8E6A00EB4880 /* PEntry.swift */,
				021418E41DFD978100EB4880 /* FirebasePageableDataSource.swift */,
			);
			path = SwiftPager;
			sourceTree = "<group>";
		};
		322001EAEB1B8A04FBBA2D90 /* Frameworks */ = {
			isa = PBXGroup;
			children = (
				0107887D3FCBFEEC22E1935B /* Pods_SwiftPager.framework */,
			);
			name = Frameworks;
			sourceTree = "<group>";
		};
		88B156D04BFCB713BC5908E7 /* Pods */ = {
			isa = PBXGroup;
			children = (
				4D4EABEA49E63400249E985A /* Pods-SwiftPager.debug.xcconfig */,
				B3D0ED558DF1F6DE1F3F0A11 /* Pods-SwiftPager.release.xcconfig */,
			);
			name = Pods;
			sourceTree = "<group>";
		};
/* End PBXGroup section */

/* Begin PBXNativeTarget section */
		021418CA1DFD8C6700EB4880 /* SwiftPager */ = {
			isa = PBXNativeTarget;
			buildConfigurationList = 021418DD1DFD8C6800EB4880 /* Build configuration list for PBXNativeTarget "SwiftPager" */;
			buildPhases = (
				F77C7FA7C79061028C7E1343 /* [CP] Check Pods Manifest.lock */,
				021418C71DFD8C6700EB4880 /* Sources */,
				021418C81DFD8C6700EB4880 /* Frameworks */,
				021418C91DFD8C6700EB4880 /* Resources */,
				386EF3E7E77D5409C5C8160E /* [CP] Embed Pods Frameworks */,
				CE6C9B25638365E9B7687161 /* [CP] Copy Pods Resources */,
			);
			buildRules = (
			);
			dependencies = (
			);
			name = SwiftPager;
			productName = SwiftPager;
			productReference = 021418CB1DFD8C6700EB4880 /* SwiftPager.app */;
			productType = "com.apple.product-type.application";
		};
/* End PBXNativeTarget section */

/* Begin PBXProject section */
		021418C31DFD8C6700EB4880 /* Project object */ = {
			isa = PBXProject;
			attributes = {
				LastSwiftUpdateCheck = 0730;
				LastUpgradeCheck = 0730;
				ORGANIZATIONNAME = "Tamas Bara";
				TargetAttributes = {
					021418CA1DFD8C6700EB4880 = {
						CreatedOnToolsVersion = 7.3.1;
					};
				};
			};
			buildConfigurationList = 021418C61DFD8C6700EB4880 /* Build configuration list for PBXProject "SwiftPager" */;
			compatibilityVersion = "Xcode 3.2";
			developmentRegion = English;
			hasScannedForEncodings = 0;
			knownRegions = (
				en,
				Base,
			);
			mainGroup = 021418C21DFD8C6700EB4880;
			productRefGroup = 021418CC1DFD8C6700EB4880 /* Products */;
			projectDirPath = "";
			projectRoot = "";
			targets = (
				021418CA1DFD8C6700EB4880 /* SwiftPager */,
			);
		};
/* End PBXProject section */

/* Begin PBXResourcesBuildPhase section */
		021418C91DFD8C6700EB4880 /* Resources */ = {
			isa = PBXResourcesBuildPhase;
			buildActionMask = 2147483647;
			files = (
				021418D91DFD8C6800EB4880 /* LaunchScreen.storyboard in Resources */,
				021418E31DFD96A500EB4880 /* GoogleService-Info.plist in Resources */,
				021418D61DFD8C6800EB4880 /* Assets.xcassets in Resources */,
				021418D41DFD8C6800EB4880 /* Main.storyboard in Resources */,
			);
			runOnlyForDeploymentPostprocessing = 0;
		};
/* End PBXResourcesBuildPhase section */

/* Begin PBXShellScriptBuildPhase section */
		386EF3E7E77D5409C5C8160E /* [CP] Embed Pods Frameworks */ = {
			isa = PBXShellScriptBuildPhase;
			buildActionMask = 2147483647;
			files = (
			);
			inputPaths = (
			);
			name = "[CP] Embed Pods Frameworks";
			outputPaths = (
			);
			runOnlyForDeploymentPostprocessing = 0;
			shellPath = /bin/sh;
			shellScript = "\"${SRCROOT}/Pods/Target Support Files/Pods-SwiftPager/Pods-SwiftPager-frameworks.sh\"\n";
			showEnvVarsInLog = 0;
		};
		CE6C9B25638365E9B7687161 /* [CP] Copy Pods Resources */ = {
			isa = PBXShellScriptBuildPhase;
			buildActionMask = 2147483647;
			files = (
			);
			inputPaths = (
			);
			name = "[CP] Copy Pods Resources";
			outputPaths = (
			);
			runOnlyForDeploymentPostprocessing = 0;
			shellPath = /bin/sh;
			shellScript = "\"${SRCROOT}/Pods/Target Support Files/Pods-SwiftPager/Pods-SwiftPager-resources.sh\"\n";
			showEnvVarsInLog = 0;
		};
		F77C7FA7C79061028C7E1343 /* [CP] Check Pods Manifest.lock */ = {
			isa = PBXShellScriptBuildPhase;
			buildActionMask = 2147483647;
			files = (
			);
			inputPaths = (
			);
			name = "[CP] Check Pods Manifest.lock";
			outputPaths = (
			);
			runOnlyForDeploymentPostprocessing = 0;
			shellPath = /bin/sh;
			shellScript = "diff \"${PODS_ROOT}/../Podfile.lock\" \"${PODS_ROOT}/Manifest.lock\" > /dev/null\nif [[ $? != 0 ]] ; then\n    cat << EOM\nerror: The sandbox is not in sync with the Podfile.lock. Run 'pod install' or update your CocoaPods installation.\nEOM\n    exit 1\nfi\n";
			showEnvVarsInLog = 0;
		};
/* End PBXShellScriptBuildPhase section */

/* Begin PBXSourcesBuildPhase section */
		021418C71DFD8C6700EB4880 /* Sources */ = {
			isa = PBXSourcesBuildPhase;
			buildActionMask = 2147483647;
			files = (
				021418E51DFD978100EB4880 /* FirebasePageableDataSource.swift in Sources */,
				021418E11DFD8E6A00EB4880 /* PEntry.swift in Sources */,
				021418D11DFD8C6800EB4880 /* ViewController.swift in Sources */,
				021418CF1DFD8C6800EB4880 /* AppDelegate.swift in Sources */,
			);
			runOnlyForDeploymentPostprocessing = 0;
		};
/* End PBXSourcesBuildPhase section */

/* Begin PBXVariantGroup section */
		021418D21DFD8C6800EB4880 /* Main.storyboard */ = {
			isa = PBXVariantGroup;
			children = (
				021418D31DFD8C6800EB4880 /* Base */,
			);
			name = Main.storyboard;
			sourceTree = "<group>";
		};
		021418D71DFD8C6800EB4880 /* LaunchScreen.storyboard */ = {
			isa = PBXVariantGroup;
			children = (
				021418D81DFD8C6800EB4880 /* Base */,
			);
			name = LaunchScreen.storyboard;
			sourceTree = "<group>";
		};
/* End PBXVariantGroup section */

/* Begin XCBuildConfiguration section */
		021418DB1DFD8C6800EB4880 /* Debug */ = {
			isa = XCBuildConfiguration;
			buildSettings = {
				ALWAYS_SEARCH_USER_PATHS = NO;
				CLANG_ANALYZER_NONNULL = YES;
				CLANG_CXX_LANGUAGE_STANDARD = "gnu++0x";
				CLANG_CXX_LIBRARY = "libc++";
				CLANG_ENABLE_MODULES = YES;
				CLANG_ENABLE_OBJC_ARC = YES;
				CLANG_WARN_BOOL_CONVERSION = YES;
				CLANG_WARN_CONSTANT_CONVERSION = YES;
				CLANG_WARN_DIRECT_OBJC_ISA_USAGE = YES_ERROR;
				CLANG_WARN_EMPTY_BODY = YES;
				CLANG_WARN_ENUM_CONVERSION = YES;
				CLANG_WARN_INT_CONVERSION = YES;
				CLANG_WARN_OBJC_ROOT_CLASS = YES_ERROR;
				CLANG_WARN_UNREACHABLE_CODE = YES;
				CLANG_WARN__DUPLICATE_METHOD_MATCH = YES;
				"CODE_SIGN_IDENTITY[sdk=iphoneos*]" = "iPhone Developer";
				COPY_PHASE_STRIP = NO;
				DEBUG_INFORMATION_FORMAT = dwarf;
				ENABLE_STRICT_OBJC_MSGSEND = YES;
				ENABLE_TESTABILITY = YES;
				GCC_C_LANGUAGE_STANDARD = gnu99;
				GCC_DYNAMIC_NO_PIC = NO;
				GCC_NO_COMMON_BLOCKS = YES;
				GCC_OPTIMIZATION_LEVEL = 0;
				GCC_PREPROCESSOR_DEFINITIONS = (
					"DEBUG=1",
					"$(inherited)",
				);
				GCC_WARN_64_TO_32_BIT_CONVERSION = YES;
				GCC_WARN_ABOUT_RETURN_TYPE = YES_ERROR;
				GCC_WARN_UNDECLARED_SELECTOR = YES;
				GCC_WARN_UNINITIALIZED_AUTOS = YES_AGGRESSIVE;
				GCC_WARN_UNUSED_FUNCTION = YES;
				GCC_WARN_UNUSED_VARIABLE = YES;
				IPHONEOS_DEPLOYMENT_TARGET = 9.3;
				MTL_ENABLE_DEBUG_INFO = YES;
				ONLY_ACTIVE_ARCH = YES;
				SDKROOT = iphoneos;
				SWIFT_OPTIMIZATION_LEVEL = "-Onone";
			};
			name = Debug;
		};
		021418DC1DFD8C6800EB4880 /* Release */ = {
			isa = XCBuildConfiguration;
			buildSettings = {
				ALWAYS_SEARCH_USER_PATHS = NO;
				CLANG_ANALYZER_NONNULL = YES;
				CLANG_CXX_LANGUAGE_STANDARD = "gnu++0x";
				CLANG_CXX_LIBRARY = "libc++";
				CLANG_ENABLE_MODULES = YES;
				CLANG_ENABLE_OBJC_ARC = YES;
				CLANG_WARN_BOOL_CONVERSION = YES;
				CLANG_WARN_CONSTANT_CONVERSION = YES;
				CLANG_WARN_DIRECT_OBJC_ISA_USAGE = YES_ERROR;
				CLANG_WARN_EMPTY_BODY = YES;
				CLANG_WARN_ENUM_CONVERSION = YES;
				CLANG_WARN_INT_CONVERSION = YES;
				CLANG_WARN_OBJC_ROOT_CLASS = YES_ERROR;
				CLANG_WARN_UNREACHABLE_CODE = YES;
				CLANG_WARN__DUPLICATE_METHOD_MATCH = YES;
				"CODE_SIGN_IDENTITY[sdk=iphoneos*]" = "iPhone Developer";
				COPY_PHASE_STRIP = NO;
				DEBUG_INFORMATION_FORMAT = "dwarf-with-dsym";
				ENABLE_NS_ASSERTIONS = NO;
				ENABLE_STRICT_OBJC_MSGSEND = YES;
				GCC_C_LANGUAGE_STANDARD = gnu99;
				GCC_NO_COMMON_BLOCKS = YES;
				GCC_WARN_64_TO_32_BIT_CONVERSION = YES;
				GCC_WARN_ABOUT_RETURN_TYPE = YES_ERROR;
				GCC_WARN_UNDECLARED_SELECTOR = YES;
				GCC_WARN_UNINITIALIZED_AUTOS = YES_AGGRESSIVE;
				GCC_WARN_UNUSED_FUNCTION = YES;
				GCC_WARN_UNUSED_VARIABLE = YES;
				IPHONEOS_DEPLOYMENT_TARGET = 9.3;
				MTL_ENABLE_DEBUG_INFO = NO;
				SDKROOT = iphoneos;
				VALIDATE_PRODUCT = YES;
			};
			name = Release;
		};
		021418DE1DFD8C6800EB4880 /* Debug */ = {
			isa = XCBuildConfiguration;
			baseConfigurationReference = 4D4EABEA49E63400249E985A /* Pods-SwiftPager.debug.xcconfig */;
			buildSettings = {
				ASSETCATALOG_COMPILER_APPICON_NAME = AppIcon;
				INFOPLIST_FILE = SwiftPager/Info.plist;
				LD_RUNPATH_SEARCH_PATHS = "$(inherited) @executable_path/Frameworks";
				PRODUCT_BUNDLE_IDENTIFIER = SnoozeSoft.SwiftPager;
				PRODUCT_NAME = "$(TARGET_NAME)";
			};
			name = Debug;
		};
		021418DF1DFD8C6800EB4880 /* Release */ = {
			isa = XCBuildConfiguration;
			baseConfigurationReference = B3D0ED558DF1F6DE1F3F0A11 /* Pods-SwiftPager.release.xcconfig */;
			buildSettings = {
				ASSETCATALOG_COMPILER_APPICON_NAME = AppIcon;
				INFOPLIST_FILE = SwiftPager/Info.plist;
				LD_RUNPATH_SEARCH_PATHS = "$(inherited) @executable_path/Frameworks";
				PRODUCT_BUNDLE_IDENTIFIER = SnoozeSoft.SwiftPager;
				PRODUCT_NAME = "$(TARGET_NAME)";
			};
			name = Release;
		};
/* End XCBuildConfiguration section */

/* Begin XCConfigurationList section */
		021418C61DFD8C6700EB4880 /* Build configuration list for PBXProject "SwiftPager" */ = {
			isa = XCConfigurationList;
			buildConfigurations = (
				021418DB1DFD8C6800EB4880 /* Debug */,
				021418DC1DFD8C6800EB4880 /* Release */,
			);
			defaultConfigurationIsVisible = 0;
			defaultConfigurationName = Release;
		};
		021418DD1DFD8C6800EB4880 /* Build configuration list for PBXNativeTarget "SwiftPager" */ = {
			isa = XCConfigurationList;
			buildConfigurations = (
				021418DE1DFD8C6800EB4880 /* Debug */,
				021418DF1DFD8C6800EB4880 /* Release */,
			);
			defaultConfigurationIsVisible = 0;
			defaultConfigurationName = Release;
		};
/* End XCConfigurationList section */
	};
	rootObject = 021418C31DFD8C6700EB4880 /* Project object */;
}
